
Microsoft Visual Studio Solution File, Format Version 12.00
# Visual Studio Version 16
VisualStudioVersion = 16.0.30517.126
MinimumVisualStudioVersion = 10.0.40219.1
Project("{8BC9CEB8-8B4A-11D0-8D11-00A0C91BC942}") = "HW2_2018203039", "HW2_2018203039\HW2_2018203039.vcxproj", "{DCB8312A-0E79-4F4F-B517-DBC7C16A0773}"
EndProject
Global
	GlobalSection(SolutionConfigurationPlatforms) = preSolution
		Debug|x64 = Debug|x64
		Debug|x86 = Debug|x86
		Release|x64 = Release|x64
		Release|x86 = Release|x86
	EndGlobalSection
	GlobalSection(ProjectConfigurationPlatforms) = postSolution
		{DCB8312A-0E79-4F4F-B517-DBC7C16A0773}.Debug|x64.ActiveCfg = Debug|x64
		{DCB8312A-0E79-4F4F-B517-DBC7C16A0773}.Debug|x64.Build.0 = Debug|x64
		{DCB8312A-0E79-4F4F-B517-DBC7C16A0773}.Debug|x86.ActiveCfg = Debug|Win32
		{DCB8312A-0E79-4F4F-B517-DBC7C16A0773}.Debug|x86.Build.0 = Debug|Win32
		{DCB8312A-0E79-4F4F-B517-DBC7C16A0773}.Release|x64.ActiveCfg = Release|x64
		{DCB8312A-0E79-4F4F-B517-DBC7C16A0773}.Release|x64.Build.0 = Release|x64
		{DCB8312A-0E79-4F4F-B517-DBC7C16A0773}.Release|x86.ActiveCfg = Release|Win32
		{DCB8312A-0E79-4F4F-B517-DBC7C16A0773}.Release|x86.Build.0 = Release|Win32
	EndGlobalSection
	GlobalSection(SolutionProperties) = preSolution
		HideSolutionNode = FALSE
	EndGlobalSection
	GlobalSection(ExtensibilityGlobals) = postSolution
		SolutionGuid = {24036D0B-86AC-4E4A-B311-D808ACD00777}
	EndGlobalSection
EndGlobal
